// !$*UTF8*$!
{
	archiveVersion = 1;
	classes = {
	};
	objectVersion = 77;
	objects = {

/* Begin PBXBuildFile section */
		0012E5C42E10200400AAE957 /* Auth in Frameworks */ = {isa = PBXBuildFile; productRef = 0012E5C32E10200400AAE957 /* Auth */; };
		0012E5C62E10200400AAE957 /* Realtime in Frameworks */ = {isa = PBXBuildFile; productRef = 0012E5C52E10200400AAE957 /* Realtime */; };
		0012E5C82E10200400AAE957 /* Storage in Frameworks */ = {isa = PBXBuildFile; productRef = 0012E5C72E10200400AAE957 /* Storage */; };
		0012E5CA2E10200400AAE957 /* Supabase in Frameworks */ = {isa = PBXBuildFile; productRef = 0012E5C92E10200400AAE957 /* Supabase */; };
		0012E88D2E102CC100AAE957 /* GoogleSignIn in Frameworks */ = {isa = PBXBuildFile; productRef = 0012E88C2E102CC100AAE957 /* GoogleSignIn */; };
		0012E88F2E102CC100AAE957 /* GoogleSignInSwift in Frameworks */ = {isa = PBXBuildFile; productRef = 0012E88E2E102CC100AAE957 /* GoogleSignInSwift */; };
		00E15E632E14309E00CD32BF /* Kingfisher in Frameworks */ = {isa = PBXBuildFile; productRef = 00E15E622E14309E00CD32BF /* Kingfisher */; };
		00EA73982DD6FE80009CD7EB /* SwiftKeychainWrapper in Frameworks */ = {isa = PBXBuildFile; productRef = 00EA73972DD6FE80009CD7EB /* SwiftKeychainWrapper */; };
		00EA75B12DD70010009CD7EB /* ActivityIndicatorView in Frameworks */ = {isa = PBXBuildFile; productRef = 00EA75B02DD70010009CD7EB /* ActivityIndicatorView */; };
/* End PBXBuildFile section */

/* Begin PBXFileReference section */
		00A05A2B2DD6E1CE0009115E /* Media-X.app */ = {isa = PBXFileReference; explicitFileType = wrapper.application; includeInIndex = 0; path = "Media-X.app"; sourceTree = BUILT_PRODUCTS_DIR; };
/* End PBXFileReference section */

/* Begin PBXFileSystemSynchronizedBuildFileExceptionSet section */
		00EA6F402DD6E312009CD7EB /* Exceptions for "Media-X" folder in "Media-X" target */ = {
			isa = PBXFileSystemSynchronizedBuildFileExceptionSet;
			membershipExceptions = (
				Info.plist,
			);
			target = 00A05A2A2DD6E1CE0009115E /* Media-X */;
		};
/* End PBXFileSystemSynchronizedBuildFileExceptionSet section */

/* Begin PBXFileSystemSynchronizedRootGroup section */
		00A05A2D2DD6E1CE0009115E /* Media-X */ = {
			isa = PBXFileSystemSynchronizedRootGroup;
			exceptions = (
				00EA6F402DD6E312009CD7EB /* Exceptions for "Media-X" folder in "Media-X" target */,
			);
			path = "Media-X";
			sourceTree = "<group>";
		};
/* End PBXFileSystemSynchronizedRootGroup section */

/* Begin PBXFrameworksBuildPhase section */
		00A05A282DD6E1CE0009115E /* Frameworks */ = {
			isa = PBXFrameworksBuildPhase;
			buildActionMask = 2147483647;
			files = (
				00EA75B12DD70010009CD7EB /* ActivityIndicatorView in Frameworks */,
				00EA73982DD6FE80009CD7EB /* SwiftKeychainWrapper in Frameworks */,
				0012E5CA2E10200400AAE957 /* Supabase in Frameworks */,
				00E15E632E14309E00CD32BF /* Kingfisher in Frameworks */,
				0012E88F2E102CC100AAE957 /* GoogleSignInSwift in Frameworks */,
				0012E5C42E10200400AAE957 /* Auth in Frameworks */,
				0012E5C82E10200400AAE957 /* Storage in Frameworks */,
				0012E5C62E10200400AAE957 /* Realtime in Frameworks */,
				0012E88D2E102CC100AAE957 /* GoogleSignIn in Frameworks */,
			);
			runOnlyForDeploymentPostprocessing = 0;
		};
/* End PBXFrameworksBuildPhase section */

/* Begin PBXGroup section */
		00A05A222DD6E1CE0009115E = {
			isa = PBXGroup;
			children = (
				00A05A2D2DD6E1CE0009115E /* Media-X */,
				00A05A2C2DD6E1CE0009115E /* Products */,
			);
			sourceTree = "<group>";
		};
		00A05A2C2DD6E1CE0009115E /* Products */ = {
			isa = PBXGroup;
			children = (
				00A05A2B2DD6E1CE0009115E /* Media-X.app */,
			);
			name = Products;
			sourceTree = "<group>";
		};
/* End PBXGroup section */

/* Begin PBXNativeTarget section */
		00A05A2A2DD6E1CE0009115E /* Media-X */ = {
			isa = PBXNativeTarget;
			buildConfigurationList = 00A05A392DD6E1D00009115E /* Build configuration list for PBXNativeTarget "Media-X" */;
			buildPhases = (
				00A05A272DD6E1CE0009115E /* Sources */,
				00A05A282DD6E1CE0009115E /* Frameworks */,
				00A05A292DD6E1CE0009115E /* Resources */,
			);
			buildRules = (
			);
			dependencies = (
			);
			fileSystemSynchronizedGroups = (
				00A05A2D2DD6E1CE0009115E /* Media-X */,
			);
			name = "Media-X";
			packageProductDependencies = (
				00EA73972DD6FE80009CD7EB /* SwiftKeychainWrapper */,
				00EA75B02DD70010009CD7EB /* ActivityIndicatorView */,
				0012E5C32E10200400AAE957 /* Auth */,
				0012E5C52E10200400AAE957 /* Realtime */,
				0012E5C72E10200400AAE957 /* Storage */,
				0012E5C92E10200400AAE957 /* Supabase */,
				0012E88C2E102CC100AAE957 /* GoogleSignIn */,
				0012E88E2E102CC100AAE957 /* GoogleSignInSwift */,
				00E15E622E14309E00CD32BF /* Kingfisher */,
			);
			productName = "Media-X";
			productReference = 00A05A2B2DD6E1CE0009115E /* Media-X.app */;
			productType = "com.apple.product-type.application";
		};
/* End PBXNativeTarget section */

/* Begin PBXProject section */
		00A05A232DD6E1CE0009115E /* Project object */ = {
			isa = PBXProject;
			attributes = {
				BuildIndependentTargetsInParallel = 1;
				LastSwiftUpdateCheck = 1610;
				LastUpgradeCheck = 1610;
				TargetAttributes = {
					00A05A2A2DD6E1CE0009115E = {
						CreatedOnToolsVersion = 16.1;
					};
				};
			};
			buildConfigurationList = 00A05A262DD6E1CE0009115E /* Build configuration list for PBXProject "Media-X" */;
			developmentRegion = en;
			hasScannedForEncodings = 0;
			knownRegions = (
				en,
				Base,
			);
			mainGroup = 00A05A222DD6E1CE0009115E;
			minimizedProjectReferenceProxies = 1;
			packageReferences = (
				00EA73962DD6FE80009CD7EB /* XCRemoteSwiftPackageReference "SwiftKeychainWrapper" */,
				00EA75AF2DD70010009CD7EB /* XCRemoteSwiftPackageReference "ActivityIndicatorView" */,
				0012E5C22E10200400AAE957 /* XCRemoteSwiftPackageReference "supabase-swift" */,
				0012E88B2E102CC100AAE957 /* XCRemoteSwiftPackageReference "GoogleSignIn-iOS" */,
				00E15E612E14309E00CD32BF /* XCRemoteSwiftPackageReference "Kingfisher" */,
			);
			preferredProjectObjectVersion = 77;
			productRefGroup = 00A05A2C2DD6E1CE0009115E /* Products */;
			projectDirPath = "";
			projectRoot = "";
			targets = (
				00A05A2A2DD6E1CE0009115E /* Media-X */,
			);
		};
/* End PBXProject section */

/* Begin PBXResourcesBuildPhase section */
		00A05A292DD6E1CE0009115E /* Resources */ = {
			isa = PBXResourcesBuildPhase;
			buildActionMask = 2147483647;
			files = (
			);
			runOnlyForDeploymentPostprocessing = 0;
		};
/* End PBXResourcesBuildPhase section */

/* Begin PBXSourcesBuildPhase section */
		00A05A272DD6E1CE0009115E /* Sources */ = {
			isa = PBXSourcesBuildPhase;
			buildActionMask = 2147483647;
			files = (
			);
			runOnlyForDeploymentPostprocessing = 0;
		};
/* End PBXSourcesBuildPhase section */

/* Begin XCBuildConfiguration section */
		00A05A372DD6E1D00009115E /* Debug */ = {
			isa = XCBuildConfiguration;
			buildSettings = {
				ALWAYS_SEARCH_USER_PATHS = NO;
				ASSETCATALOG_COMPILER_GENERATE_SWIFT_ASSET_SYMBOL_EXTENSIONS = YES;
				CLANG_ANALYZER_NONNULL = YES;
				CLANG_ANALYZER_NUMBER_OBJECT_CONVERSION = YES_AGGRESSIVE;
				CLANG_CXX_LANGUAGE_STANDARD = "gnu++20";
				CLANG_ENABLE_MODULES = YES;
				CLANG_ENABLE_OBJC_ARC = YES;
				CLANG_ENABLE_OBJC_WEAK = YES;
				CLANG_WARN_BLOCK_CAPTURE_AUTORELEASING = YES;
				CLANG_WARN_BOOL_CONVERSION = YES;
				CLANG_WARN_COMMA = YES;
				CLANG_WARN_CONSTANT_CONVERSION = YES;
				CLANG_WARN_DEPRECATED_OBJC_IMPLEMENTATIONS = YES;
				CLANG_WARN_DIRECT_OBJC_ISA_USAGE = YES_ERROR;
				CLANG_WARN_DOCUMENTATION_COMMENTS = YES;
				CLANG_WARN_EMPTY_BODY = YES;
				CLANG_WARN_ENUM_CONVERSION = YES;
				CLANG_WARN_INFINITE_RECURSION = YES;
				CLANG_WARN_INT_CONVERSION = YES;
				CLANG_WARN_NON_LITERAL_NULL_CONVERSION = YES;
				CLANG_WARN_OBJC_IMPLICIT_RETAIN_SELF = YES;
				CLANG_WARN_OBJC_LITERAL_CONVERSION = YES;
				CLANG_WARN_OBJC_ROOT_CLASS = YES_ERROR;
				CLANG_WARN_QUOTED_INCLUDE_IN_FRAMEWORK_HEADER = YES;
				CLANG_WARN_RANGE_LOOP_ANALYSIS = YES;
				CLANG_WARN_STRICT_PROTOTYPES = YES;
				CLANG_WARN_SUSPICIOUS_MOVE = YES;
				CLANG_WARN_UNGUARDED_AVAILABILITY = YES_AGGRESSIVE;
				CLANG_WARN_UNREACHABLE_CODE = YES;
				CLANG_WARN__DUPLICATE_METHOD_MATCH = YES;
				COPY_PHASE_STRIP = NO;
				DEBUG_INFORMATION_FORMAT = dwarf;
				ENABLE_STRICT_OBJC_MSGSEND = YES;
				ENABLE_TESTABILITY = YES;
				ENABLE_USER_SCRIPT_SANDBOXING = YES;
				GCC_C_LANGUAGE_STANDARD = gnu17;
				GCC_DYNAMIC_NO_PIC = NO;
				GCC_NO_COMMON_BLOCKS = YES;
				GCC_OPTIMIZATION_LEVEL = 0;
				GCC_PREPROCESSOR_DEFINITIONS = (
					"DEBUG=1",
					"$(inherited)",
				);
				GCC_WARN_64_TO_32_BIT_CONVERSION = YES;
				GCC_WARN_ABOUT_RETURN_TYPE = YES_ERROR;
				GCC_WARN_UNDECLARED_SELECTOR = YES;
				GCC_WARN_UNINITIALIZED_AUTOS = YES_AGGRESSIVE;
				GCC_WARN_UNUSED_FUNCTION = YES;
				GCC_WARN_UNUSED_VARIABLE = YES;
				IPHONEOS_DEPLOYMENT_TARGET = 18.1;
				LOCALIZATION_PREFERS_STRING_CATALOGS = YES;
				MTL_ENABLE_DEBUG_INFO = INCLUDE_SOURCE;
				MTL_FAST_MATH = YES;
				ONLY_ACTIVE_ARCH = YES;
				SDKROOT = iphoneos;
				SWIFT_ACTIVE_COMPILATION_CONDITIONS = "DEBUG $(inherited)";
				SWIFT_OPTIMIZATION_LEVEL = "-Onone";
			};
			name = Debug;
		};
		00A05A382DD6E1D00009115E /* Release */ = {
			isa = XCBuildConfiguration;
			buildSettings = {
				ALWAYS_SEARCH_USER_PATHS = NO;
				ASSETCATALOG_COMPILER_GENERATE_SWIFT_ASSET_SYMBOL_EXTENSIONS = YES;
				CLANG_ANALYZER_NONNULL = YES;
				CLANG_ANALYZER_NUMBER_OBJECT_CONVERSION = YES_AGGRESSIVE;
				CLANG_CXX_LANGUAGE_STANDARD = "gnu++20";
				CLANG_ENABLE_MODULES = YES;
				CLANG_ENABLE_OBJC_ARC = YES;
				CLANG_ENABLE_OBJC_WEAK = YES;
				CLANG_WARN_BLOCK_CAPTURE_AUTORELEASING = YES;
				CLANG_WARN_BOOL_CONVERSION = YES;
				CLANG_WARN_COMMA = YES;
				CLANG_WARN_CONSTANT_CONVERSION = YES;
				CLANG_WARN_DEPRECATED_OBJC_IMPLEMENTATIONS = YES;
				CLANG_WARN_DIRECT_OBJC_ISA_USAGE = YES_ERROR;
				CLANG_WARN_DOCUMENTATION_COMMENTS = YES;
				CLANG_WARN_EMPTY_BODY = YES;
				CLANG_WARN_ENUM_CONVERSION = YES;
				CLANG_WARN_INFINITE_RECURSION = YES;
				CLANG_WARN_INT_CONVERSION = YES;
				CLANG_WARN_NON_LITERAL_NULL_CONVERSION = YES;
				CLANG_WARN_OBJC_IMPLICIT_RETAIN_SELF = YES;
				CLANG_WARN_OBJC_LITERAL_CONVERSION = YES;
				CLANG_WARN_OBJC_ROOT_CLASS = YES_ERROR;
				CLANG_WARN_QUOTED_INCLUDE_IN_FRAMEWORK_HEADER = YES;
				CLANG_WARN_RANGE_LOOP_ANALYSIS = YES;
				CLANG_WARN_STRICT_PROTOTYPES = YES;
				CLANG_WARN_SUSPICIOUS_MOVE = YES;
				CLANG_WARN_UNGUARDED_AVAILABILITY = YES_AGGRESSIVE;
				CLANG_WARN_UNREACHABLE_CODE = YES;
				CLANG_WARN__DUPLICATE_METHOD_MATCH = YES;
				COPY_PHASE_STRIP = NO;
				DEBUG_INFORMATION_FORMAT = "dwarf-with-dsym";
				ENABLE_NS_ASSERTIONS = NO;
				ENABLE_STRICT_OBJC_MSGSEND = YES;
				ENABLE_USER_SCRIPT_SANDBOXING = YES;
				GCC_C_LANGUAGE_STANDARD = gnu17;
				GCC_NO_COMMON_BLOCKS = YES;
				GCC_WARN_64_TO_32_BIT_CONVERSION = YES;
				GCC_WARN_ABOUT_RETURN_TYPE = YES_ERROR;
				GCC_WARN_UNDECLARED_SELECTOR = YES;
				GCC_WARN_UNINITIALIZED_AUTOS = YES_AGGRESSIVE;
				GCC_WARN_UNUSED_FUNCTION = YES;
				GCC_WARN_UNUSED_VARIABLE = YES;
				IPHONEOS_DEPLOYMENT_TARGET = 18.1;
				LOCALIZATION_PREFERS_STRING_CATALOGS = YES;
				MTL_ENABLE_DEBUG_INFO = NO;
				MTL_FAST_MATH = YES;
				SDKROOT = iphoneos;
				SWIFT_COMPILATION_MODE = wholemodule;
				VALIDATE_PRODUCT = YES;
			};
			name = Release;
		};
		00A05A3A2DD6E1D00009115E /* Debug */ = {
			isa = XCBuildConfiguration;
			buildSettings = {
				ASSETCATALOG_COMPILER_APPICON_NAME = AppIcon;
				ASSETCATALOG_COMPILER_GLOBAL_ACCENT_COLOR_NAME = AccentColor;
				CODE_SIGN_STYLE = Automatic;
				CURRENT_PROJECT_VERSION = 1;
				DEVELOPMENT_ASSET_PATHS = "\"Media-X/Preview Content\"";
				DEVELOPMENT_TEAM = MT6D65325Z;
				ENABLE_PREVIEWS = YES;
				GENERATE_INFOPLIST_FILE = YES;
				INFOPLIST_FILE = "Media-X/Info.plist";
				INFOPLIST_KEY_NSPhotoLibraryUsageDescription = "We need access";
				INFOPLIST_KEY_UIApplicationSceneManifest_Generation = YES;
				INFOPLIST_KEY_UIApplicationSupportsIndirectInputEvents = YES;
				INFOPLIST_KEY_UILaunchScreen_Generation = YES;
				INFOPLIST_KEY_UISupportedInterfaceOrientations = UIInterfaceOrientationPortrait;
				INFOPLIST_KEY_UISupportedInterfaceOrientations_iPad = "UIInterfaceOrientationLandscapeLeft UIInterfaceOrientationLandscapeRight UIInterfaceOrientationPortrait UIInterfaceOrientationPortraitUpsideDown";
				INFOPLIST_KEY_UIUserInterfaceStyle = Light;
				IPHONEOS_DEPLOYMENT_TARGET = 17.0;
				LD_RUNPATH_SEARCH_PATHS = (
					"$(inherited)",
					"@executable_path/Frameworks",
				);
				MARKETING_VERSION = 1.0;
				PRODUCT_BUNDLE_IDENTIFIER = "com.moataz.Media-X";
				PRODUCT_NAME = "$(TARGET_NAME)";
				SUPPORTED_PLATFORMS = "iphoneos iphonesimulator";
				SUPPORTS_MACCATALYST = NO;
				SUPPORTS_MAC_DESIGNED_FOR_IPHONE_IPAD = NO;
				SUPPORTS_XR_DESIGNED_FOR_IPHONE_IPAD = NO;
				SWIFT_EMIT_LOC_STRINGS = YES;
				SWIFT_VERSION = 5.0;
				TARGETED_DEVICE_FAMILY = 1;
			};
			name = Debug;
		};
		00A05A3B2DD6E1D00009115E /* Release */ = {
			isa = XCBuildConfiguration;
			buildSettings = {
				ASSETCATALOG_COMPILER_APPICON_NAME = AppIcon;
				ASSETCATALOG_COMPILER_GLOBAL_ACCENT_COLOR_NAME = AccentColor;
				CODE_SIGN_STYLE = Automatic;
				CURRENT_PROJECT_VERSION = 1;
				DEVELOPMENT_ASSET_PATHS = "\"Media-X/Preview Content\"";
				DEVELOPMENT_TEAM = MT6D65325Z;
				ENABLE_PREVIEWS = YES;
				GENERATE_INFOPLIST_FILE = YES;
				INFOPLIST_FILE = "Media-X/Info.plist";
				INFOPLIST_KEY_NSPhotoLibraryUsageDescription = "We need access";
				INFOPLIST_KEY_UIApplicationSceneManifest_Generation = YES;
				INFOPLIST_KEY_UIApplicationSupportsIndirectInputEvents = YES;
				INFOPLIST_KEY_UILaunchScreen_Generation = YES;
				INFOPLIST_KEY_UISupportedInterfaceOrientations = UIInterfaceOrientationPortrait;
				INFOPLIST_KEY_UISupportedInterfaceOrientations_iPad = "UIInterfaceOrientationLandscapeLeft UIInterfaceOrientationLandscapeRight UIInterfaceOrientationPortrait UIInterfaceOrientationPortraitUpsideDown";
				INFOPLIST_KEY_UIUserInterfaceStyle = Light;
				IPHONEOS_DEPLOYMENT_TARGET = 17.0;
				LD_RUNPATH_SEARCH_PATHS = (
					"$(inherited)",
					"@executable_path/Frameworks",
				);
				MARKETING_VERSION = 1.0;
				PRODUCT_BUNDLE_IDENTIFIER = "com.moataz.Media-X";
				PRODUCT_NAME = "$(TARGET_NAME)";
				SUPPORTED_PLATFORMS = "iphoneos iphonesimulator";
				SUPPORTS_MACCATALYST = NO;
				SUPPORTS_MAC_DESIGNED_FOR_IPHONE_IPAD = NO;
				SUPPORTS_XR_DESIGNED_FOR_IPHONE_IPAD = NO;
				SWIFT_EMIT_LOC_STRINGS = YES;
				SWIFT_VERSION = 5.0;
				TARGETED_DEVICE_FAMILY = 1;
			};
			name = Release;
		};
/* End XCBuildConfiguration section */

/* Begin XCConfigurationList section */
		00A05A262DD6E1CE0009115E /* Build configuration list for PBXProject "Media-X" */ = {
			isa = XCConfigurationList;
			buildConfigurations = (
				00A05A372DD6E1D00009115E /* Debug */,
				00A05A382DD6E1D00009115E /* Release */,
			);
			defaultConfigurationIsVisible = 0;
			defaultConfigurationName = Release;
		};
		00A05A392DD6E1D00009115E /* Build configuration list for PBXNativeTarget "Media-X" */ = {
			isa = XCConfigurationList;
			buildConfigurations = (
				00A05A3A2DD6E1D00009115E /* Debug */,
				00A05A3B2DD6E1D00009115E /* Release */,
			);
			defaultConfigurationIsVisible = 0;
			defaultConfigurationName = Release;
		};
/* End XCConfigurationList section */

/* Begin XCRemoteSwiftPackageReference section */
		0012E5C22E10200400AAE957 /* XCRemoteSwiftPackageReference "supabase-swift" */ = {
			isa = XCRemoteSwiftPackageReference;
			repositoryURL = "https://github.com/supabase/supabase-swift.git";
			requirement = {
				kind = upToNextMajorVersion;
				minimumVersion = 2.5.1;
			};
		};
		0012E88B2E102CC100AAE957 /* XCRemoteSwiftPackageReference "GoogleSignIn-iOS" */ = {
			isa = XCRemoteSwiftPackageReference;
			repositoryURL = "https://github.com/google/GoogleSignIn-iOS.git";
			requirement = {
				kind = upToNextMajorVersion;
				minimumVersion = 8.0.0;
			};
		};
		00E15E612E14309E00CD32BF /* XCRemoteSwiftPackageReference "Kingfisher" */ = {
			isa = XCRemoteSwiftPackageReference;
			repositoryURL = "https://github.com/onevcat/Kingfisher.git";
			requirement = {
				kind = upToNextMajorVersion;
				minimumVersion = 8.3.3;
			};
		};
		00EA73962DD6FE80009CD7EB /* XCRemoteSwiftPackageReference "SwiftKeychainWrapper" */ = {
			isa = XCRemoteSwiftPackageReference;
			repositoryURL = "https://github.com/jrendel/SwiftKeychainWrapper.git";
			requirement = {
				kind = upToNextMajorVersion;
				minimumVersion = 4.0.1;
			};
		};
		00EA75AF2DD70010009CD7EB /* XCRemoteSwiftPackageReference "ActivityIndicatorView" */ = {
			isa = XCRemoteSwiftPackageReference;
			repositoryURL = "https://github.com/exyte/ActivityIndicatorView.git";
			requirement = {
				kind = upToNextMajorVersion;
				minimumVersion = 1.2.1;
			};
		};
/* End XCRemoteSwiftPackageReference section */

/* Begin XCSwiftPackageProductDependency section */
		0012E5C32E10200400AAE957 /* Auth */ = {
			isa = XCSwiftPackageProductDependency;
			package = 0012E5C22E10200400AAE957 /* XCRemoteSwiftPackageReference "supabase-swift" */;
			productName = Auth;
		};
		0012E5C52E10200400AAE957 /* Realtime */ = {
			isa = XCSwiftPackageProductDependency;
			package = 0012E5C22E10200400AAE957 /* XCRemoteSwiftPackageReference "supabase-swift" */;
			productName = Realtime;
		};
		0012E5C72E10200400AAE957 /* Storage */ = {
			isa = XCSwiftPackageProductDependency;
			package = 0012E5C22E10200400AAE957 /* XCRemoteSwiftPackageReference "supabase-swift" */;
			productName = Storage;
		};
		0012E5C92E10200400AAE957 /* Supabase */ = {
			isa = XCSwiftPackageProductDependency;
			package = 0012E5C22E10200400AAE957 /* XCRemoteSwiftPackageReference "supabase-swift" */;
			productName = Supabase;
		};
		0012E88C2E102CC100AAE957 /* GoogleSignIn */ = {
			isa = XCSwiftPackageProductDependency;
			package = 0012E88B2E102CC100AAE957 /* XCRemoteSwiftPackageReference "GoogleSignIn-iOS" */;
			productName = GoogleSignIn;
		};
		0012E88E2E102CC100AAE957 /* GoogleSignInSwift */ = {
			isa = XCSwiftPackageProductDependency;
			package = 0012E88B2E102CC100AAE957 /* XCRemoteSwiftPackageReference "GoogleSignIn-iOS" */;
			productName = GoogleSignInSwift;
		};
		00E15E622E14309E00CD32BF /* Kingfisher */ = {
			isa = XCSwiftPackageProductDependency;
			package = 00E15E612E14309E00CD32BF /* XCRemoteSwiftPackageReference "Kingfisher" */;
			productName = Kingfisher;
		};
		00EA73972DD6FE80009CD7EB /* SwiftKeychainWrapper */ = {
			isa = XCSwiftPackageProductDependency;
			package = 00EA73962DD6FE80009CD7EB /* XCRemoteSwiftPackageReference "SwiftKeychainWrapper" */;
			productName = SwiftKeychainWrapper;
		};
		00EA75B02DD70010009CD7EB /* ActivityIndicatorView */ = {
			isa = XCSwiftPackageProductDependency;
			package = 00EA75AF2DD70010009CD7EB /* XCRemoteSwiftPackageReference "ActivityIndicatorView" */;
			productName = ActivityIndicatorView;
		};
/* End XCSwiftPackageProductDependency section */
	};
	rootObject = 00A05A232DD6E1CE0009115E /* Project object */;
}
